
Microsoft Visual Studio Solution File, Format Version 12.00
Project("{FAE04EC0-301F-11D3-BF4B-00C04F79EFBC}") = "Tyln.PrismMahApps", "Tyln.PrismMahApps\Tyln.PrismMahApps.csproj", "{92BC30EF-5F8C-468B-ADBC-ED43354C0758}"
EndProject
Project("{FAE04EC0-301F-11D3-BF4B-00C04F79EFBC}") = "Tyln.PrismMahApps.Demos", "Tyln.PrismMahApps.Demos\Tyln.PrismMahApps.Demos.csproj", "{F5228E11-B82F-4CE4-9788-065AEFD66708}"
EndProject
Global
	GlobalSection(SolutionConfigurationPlatforms) = preSolution
		Debug|Any CPU = Debug|Any CPU
		Release|Any CPU = Release|Any CPU
	EndGlobalSection
	GlobalSection(ProjectConfigurationPlatforms) = postSolution
		{92BC30EF-5F8C-468B-ADBC-ED43354C0758}.Debug|Any CPU.ActiveCfg = Debug|Any CPU
		{92BC30EF-5F8C-468B-ADBC-ED43354C0758}.Debug|Any CPU.Build.0 = Debug|Any CPU
		{92BC30EF-5F8C-468B-ADBC-ED43354C0758}.Release|Any CPU.ActiveCfg = Release|Any CPU
		{92BC30EF-5F8C-468B-ADBC-ED43354C0758}.Release|Any CPU.Build.0 = Release|Any CPU
		{F5228E11-B82F-4CE4-9788-065AEFD66708}.Debug|Any CPU.ActiveCfg = Debug|Any CPU
		{F5228E11-B82F-4CE4-9788-065AEFD66708}.Debug|Any CPU.Build.0 = Debug|Any CPU
		{F5228E11-B82F-4CE4-9788-065AEFD66708}.Release|Any CPU.ActiveCfg = Release|Any CPU
		{F5228E11-B82F-4CE4-9788-065AEFD66708}.Release|Any CPU.Build.0 = Release|Any CPU
	EndGlobalSection
EndGlobal
